
Microsoft Visual Studio Solution File, Format Version 12.00
# Visual Studio Version 17
VisualStudioVersion = 17.0.31903.59
MinimumVisualStudioVersion = 10.0.40219.1
Project("{FAE04EC0-301F-11D3-BF4B-00C04F79EFBC}") = "API", "API\API.csproj", "{915388AB-301E-4F80-BFE9-9C2AA3252264}"
EndProject
Project("{FAE04EC0-301F-11D3-BF4B-00C04F79EFBC}") = "Application", "Application\Application.csproj", "{492EE543-6978-4756-8DFA-560F2BE3E27B}"
EndProject
Project("{FAE04EC0-301F-11D3-BF4B-00C04F79EFBC}") = "Domain", "Domain\Domain.csproj", "{12D8F82C-BEBD-4D76-A9C0-B08E05EB3AEA}"
EndProject
Project("{FAE04EC0-301F-11D3-BF4B-00C04F79EFBC}") = "Persistence", "Persistence\Persistence.csproj", "{3121FD03-04E7-4BA3-9DCD-55D5184726DC}"
EndProject
Global
	GlobalSection(SolutionConfigurationPlatforms) = preSolution
		Debug|Any CPU = Debug|Any CPU
		Release|Any CPU = Release|Any CPU
	EndGlobalSection
	GlobalSection(SolutionProperties) = preSolution
		HideSolutionNode = FALSE
	EndGlobalSection
	GlobalSection(ProjectConfigurationPlatforms) = postSolution
		{915388AB-301E-4F80-BFE9-9C2AA3252264}.Debug|Any CPU.ActiveCfg = Debug|Any CPU
		{915388AB-301E-4F80-BFE9-9C2AA3252264}.Debug|Any CPU.Build.0 = Debug|Any CPU
		{915388AB-301E-4F80-BFE9-9C2AA3252264}.Release|Any CPU.ActiveCfg = Release|Any CPU
		{915388AB-301E-4F80-BFE9-9C2AA3252264}.Release|Any CPU.Build.0 = Release|Any CPU
		{492EE543-6978-4756-8DFA-560F2BE3E27B}.Debug|Any CPU.ActiveCfg = Debug|Any CPU
		{492EE543-6978-4756-8DFA-560F2BE3E27B}.Debug|Any CPU.Build.0 = Debug|Any CPU
		{492EE543-6978-4756-8DFA-560F2BE3E27B}.Release|Any CPU.ActiveCfg = Release|Any CPU
		{492EE543-6978-4756-8DFA-560F2BE3E27B}.Release|Any CPU.Build.0 = Release|Any CPU
		{12D8F82C-BEBD-4D76-A9C0-B08E05EB3AEA}.Debug|Any CPU.ActiveCfg = Debug|Any CPU
		{12D8F82C-BEBD-4D76-A9C0-B08E05EB3AEA}.Debug|Any CPU.Build.0 = Debug|Any CPU
		{12D8F82C-BEBD-4D76-A9C0-B08E05EB3AEA}.Release|Any CPU.ActiveCfg = Release|Any CPU
		{12D8F82C-BEBD-4D76-A9C0-B08E05EB3AEA}.Release|Any CPU.Build.0 = Release|Any CPU
		{3121FD03-04E7-4BA3-9DCD-55D5184726DC}.Debug|Any CPU.ActiveCfg = Debug|Any CPU
		{3121FD03-04E7-4BA3-9DCD-55D5184726DC}.Debug|Any CPU.Build.0 = Debug|Any CPU
		{3121FD03-04E7-4BA3-9DCD-55D5184726DC}.Release|Any CPU.ActiveCfg = Release|Any CPU
		{3121FD03-04E7-4BA3-9DCD-55D5184726DC}.Release|Any CPU.Build.0 = Release|Any CPU
	EndGlobalSection
EndGlobal
